// !$*UTF8*$!
{
	archiveVersion = 1;
	classes = {
	};
	objectVersion = 46;
	objects = {

/* Begin PBXBuildFile section */
		D9485CFE15ED56F000A24A59 /* UIKit.framework in Frameworks */ = {isa = PBXBuildFile; fileRef = D9485CFD15ED56F000A24A59 /* UIKit.framework */; };
		D9485D0015ED56F000A24A59 /* Foundation.framework in Frameworks */ = {isa = PBXBuildFile; fileRef = D9485CFF15ED56F000A24A59 /* Foundation.framework */; };
		D9485D0215ED56F000A24A59 /* CoreGraphics.framework in Frameworks */ = {isa = PBXBuildFile; fileRef = D9485D0115ED56F000A24A59 /* CoreGraphics.framework */; };
		D9485D0815ED56F000A24A59 /* InfoPlist.strings in Resources */ = {isa = PBXBuildFile; fileRef = D9485D0615ED56F000A24A59 /* InfoPlist.strings */; };
		D9485D0A15ED56F000A24A59 /* main.m in Sources */ = {isa = PBXBuildFile; fileRef = D9485D0915ED56F000A24A59 /* main.m */; };
		D9485D0E15ED56F000A24A59 /* MathAppDelegate.m in Sources */ = {isa = PBXBuildFile; fileRef = D9485D0D15ED56F000A24A59 /* MathAppDelegate.m */; };
/* End PBXBuildFile section */

/* Begin PBXFileReference section */
		D9485CF915ED56F000A24A59 /* Rutig Matematik.app */ = {isa = PBXFileReference; explicitFileType = wrapper.application; includeInIndex = 0; path = "Rutig Matematik.app"; sourceTree = BUILT_PRODUCTS_DIR; };
		D9485CFD15ED56F000A24A59 /* UIKit.framework */ = {isa = PBXFileReference; lastKnownFileType = wrapper.framework; name = UIKit.framework; path = System/Library/Frameworks/UIKit.framework; sourceTree = SDKROOT; };
		D9485CFF15ED56F000A24A59 /* Foundation.framework */ = {isa = PBXFileReference; lastKnownFileType = wrapper.framework; name = Foundation.framework; path = System/Library/Frameworks/Foundation.framework; sourceTree = SDKROOT; };
		D9485D0115ED56F000A24A59 /* CoreGraphics.framework */ = {isa = PBXFileReference; lastKnownFileType = wrapper.framework; name = CoreGraphics.framework; path = System/Library/Frameworks/CoreGraphics.framework; sourceTree = SDKROOT; };
		D9485D0515ED56F000A24A59 /* Rutig Matematik-Info.plist */ = {isa = PBXFileReference; lastKnownFileType = text.plist.xml; path = "Rutig Matematik-Info.plist"; sourceTree = "<group>"; };
		D9485D0715ED56F000A24A59 /* en */ = {isa = PBXFileReference; lastKnownFileType = text.plist.strings; name = en; path = en.lproj/InfoPlist.strings; sourceTree = "<group>"; };
		D9485D0915ED56F000A24A59 /* main.m */ = {isa = PBXFileReference; lastKnownFileType = sourcecode.c.objc; path = main.m; sourceTree = "<group>"; };
		D9485D0B15ED56F000A24A59 /* Rutig Matematik-Prefix.pch */ = {isa = PBXFileReference; lastKnownFileType = sourcecode.c.h; path = "Rutig Matematik-Prefix.pch"; sourceTree = "<group>"; };
		D9485D0C15ED56F000A24A59 /* MathAppDelegate.h */ = {isa = PBXFileReference; lastKnownFileType = sourcecode.c.h; path = MathAppDelegate.h; sourceTree = "<group>"; };
		D9485D0D15ED56F000A24A59 /* MathAppDelegate.m */ = {isa = PBXFileReference; lastKnownFileType = sourcecode.c.objc; path = MathAppDelegate.m; sourceTree = "<group>"; };
/* End PBXFileReference section */

/* Begin PBXFrameworksBuildPhase section */
		D9485CF615ED56F000A24A59 /* Frameworks */ = {
			isa = PBXFrameworksBuildPhase;
			buildActionMask = 2147483647;
			files = (
				D9485CFE15ED56F000A24A59 /* UIKit.framework in Frameworks */,
				D9485D0015ED56F000A24A59 /* Foundation.framework in Frameworks */,
				D9485D0215ED56F000A24A59 /* CoreGraphics.framework in Frameworks */,
			);
			runOnlyForDeploymentPostprocessing = 0;
		};
/* End PBXFrameworksBuildPhase section */

/* Begin PBXGroup section */
		D9485CEE15ED56F000A24A59 = {
			isa = PBXGroup;
			children = (
				D9485D0315ED56F000A24A59 /* Rutig Matematik */,
				D9485CFC15ED56F000A24A59 /* Frameworks */,
				D9485CFA15ED56F000A24A59 /* Products */,
			);
			sourceTree = "<group>";
		};
		D9485CFA15ED56F000A24A59 /* Products */ = {
			isa = PBXGroup;
			children = (
				D9485CF915ED56F000A24A59 /* Rutig Matematik.app */,
			);
			name = Products;
			sourceTree = "<group>";
		};
		D9485CFC15ED56F000A24A59 /* Frameworks */ = {
			isa = PBXGroup;
			children = (
				D9485CFD15ED56F000A24A59 /* UIKit.framework */,
				D9485CFF15ED56F000A24A59 /* Foundation.framework */,
				D9485D0115ED56F000A24A59 /* CoreGraphics.framework */,
			);
			name = Frameworks;
			sourceTree = "<group>";
		};
		D9485D0315ED56F000A24A59 /* Rutig Matematik */ = {
			isa = PBXGroup;
			children = (
				D9485D0C15ED56F000A24A59 /* MathAppDelegate.h */,
				D9485D0D15ED56F000A24A59 /* MathAppDelegate.m */,
				D9485D0415ED56F000A24A59 /* Supporting Files */,
			);
			path = "Rutig Matematik";
			sourceTree = "<group>";
		};
		D9485D0415ED56F000A24A59 /* Supporting Files */ = {
			isa = PBXGroup;
			children = (
				D9485D0515ED56F000A24A59 /* Rutig Matematik-Info.plist */,
				D9485D0615ED56F000A24A59 /* InfoPlist.strings */,
				D9485D0915ED56F000A24A59 /* main.m */,
				D9485D0B15ED56F000A24A59 /* Rutig Matematik-Prefix.pch */,
			);
			name = "Supporting Files";
			sourceTree = "<group>";
		};
/* End PBXGroup section */

/* Begin PBXNativeTarget section */
		D9485CF815ED56F000A24A59 /* Rutig Matematik */ = {
			isa = PBXNativeTarget;
			buildConfigurationList = D9485D1115ED56F000A24A59 /* Build configuration list for PBXNativeTarget "Rutig Matematik" */;
			buildPhases = (
				D9485CF515ED56F000A24A59 /* Sources */,
				D9485CF615ED56F000A24A59 /* Frameworks */,
				D9485CF715ED56F000A24A59 /* Resources */,
			);
			buildRules = (
			);
			dependencies = (
			);
			name = "Rutig Matematik";
			productName = "Rutig Matematik";
			productReference = D9485CF915ED56F000A24A59 /* Rutig Matematik.app */;
			productType = "com.apple.product-type.application";
		};
/* End PBXNativeTarget section */

/* Begin PBXProject section */
		D9485CF015ED56F000A24A59 /* Project object */ = {
			isa = PBXProject;
			attributes = {
				CLASSPREFIX = Math;
				LastUpgradeCheck = 0440;
				ORGANIZATIONNAME = "Richard Henriksson";
			};
			buildConfigurationList = D9485CF315ED56F000A24A59 /* Build configuration list for PBXProject "Rutig Matematik" */;
			compatibilityVersion = "Xcode 3.2";
			developmentRegion = English;
			hasScannedForEncodings = 0;
			knownRegions = (
				en,
			);
			mainGroup = D9485CEE15ED56F000A24A59;
			productRefGroup = D9485CFA15ED56F000A24A59 /* Products */;
			projectDirPath = "";
			projectRoot = "";
			targets = (
				D9485CF815ED56F000A24A59 /* Rutig Matematik */,
			);
		};
/* End PBXProject section */

/* Begin PBXResourcesBuildPhase section */
		D9485CF715ED56F000A24A59 /* Resources */ = {
			isa = PBXResourcesBuildPhase;
			buildActionMask = 2147483647;
			files = (
				D9485D0815ED56F000A24A59 /* InfoPlist.strings in Resources */,
			);
			runOnlyForDeploymentPostprocessing = 0;
		};
/* End PBXResourcesBuildPhase section */

/* Begin PBXSourcesBuildPhase section */
		D9485CF515ED56F000A24A59 /* Sources */ = {
			isa = PBXSourcesBuildPhase;
			buildActionMask = 2147483647;
			files = (
				D9485D0A15ED56F000A24A59 /* main.m in Sources */,
				D9485D0E15ED56F000A24A59 /* MathAppDelegate.m in Sources */,
			);
			runOnlyForDeploymentPostprocessing = 0;
		};
/* End PBXSourcesBuildPhase section */

/* Begin PBXVariantGroup section */
		D9485D0615ED56F000A24A59 /* InfoPlist.strings */ = {
			isa = PBXVariantGroup;
			children = (
				D9485D0715ED56F000A24A59 /* en */,
			);
			name = InfoPlist.strings;
			sourceTree = "<group>";
		};
/* End PBXVariantGroup section */

/* Begin XCBuildConfiguration section */
		D9485D0F15ED56F000A24A59 /* Debug */ = {
			isa = XCBuildConfiguration;
			buildSettings = {
				ALWAYS_SEARCH_USER_PATHS = NO;
				ARCHS = "$(ARCHS_STANDARD_32_BIT)";
				CLANG_CXX_LANGUAGE_STANDARD = "gnu++0x";
				CLANG_ENABLE_OBJC_ARC = YES;
				CLANG_WARN__DUPLICATE_METHOD_MATCH = YES;
				"CODE_SIGN_IDENTITY[sdk=iphoneos*]" = "iPhone Developer";
				COPY_PHASE_STRIP = NO;
				GCC_C_LANGUAGE_STANDARD = gnu99;
				GCC_DYNAMIC_NO_PIC = NO;
				GCC_OPTIMIZATION_LEVEL = 0;
				GCC_PREPROCESSOR_DEFINITIONS = (
					"DEBUG=1",
					"$(inherited)",
				);
				GCC_SYMBOLS_PRIVATE_EXTERN = NO;
				GCC_VERSION = com.apple.compilers.llvm.clang.1_0;
				GCC_WARN_ABOUT_RETURN_TYPE = YES;
				GCC_WARN_UNINITIALIZED_AUTOS = YES;
				GCC_WARN_UNUSED_VARIABLE = YES;
				IPHONEOS_DEPLOYMENT_TARGET = 5.1;
				SDKROOT = iphoneos;
				TARGETED_DEVICE_FAMILY = 2;
			};
			name = Debug;
		};
		D9485D1015ED56F000A24A59 /* Release */ = {
			isa = XCBuildConfiguration;
			buildSettings = {
				ALWAYS_SEARCH_USER_PATHS = NO;
				ARCHS = "$(ARCHS_STANDARD_32_BIT)";
				CLANG_CXX_LANGUAGE_STANDARD = "gnu++0x";
				CLANG_ENABLE_OBJC_ARC = YES;
				CLANG_WARN__DUPLICATE_METHOD_MATCH = YES;
				"CODE_SIGN_IDENTITY[sdk=iphoneos*]" = "iPhone Developer";
				COPY_PHASE_STRIP = YES;
				GCC_C_LANGUAGE_STANDARD = gnu99;
				GCC_VERSION = com.apple.compilers.llvm.clang.1_0;
				GCC_WARN_ABOUT_RETURN_TYPE = YES;
				GCC_WARN_UNINITIALIZED_AUTOS = YES;
				GCC_WARN_UNUSED_VARIABLE = YES;
				IPHONEOS_DEPLOYMENT_TARGET = 5.1;
				OTHER_CFLAGS = "-DNS_BLOCK_ASSERTIONS=1";
				SDKROOT = iphoneos;
				TARGETED_DEVICE_FAMILY = 2;
				VALIDATE_PRODUCT = YES;
			};
			name = Release;
		};
		D9485D1215ED56F000A24A59 /* Debug */ = {
			isa = XCBuildConfiguration;
			buildSettings = {
				GCC_PRECOMPILE_PREFIX_HEADER = YES;
				GCC_PREFIX_HEADER = "Rutig Matematik/Rutig Matematik-Prefix.pch";
				INFOPLIST_FILE = "Rutig Matematik/Rutig Matematik-Info.plist";
				PRODUCT_NAME = "$(TARGET_NAME)";
				WRAPPER_EXTENSION = app;
			};
			name = Debug;
		};
		D9485D1315ED56F000A24A59 /* Release */ = {
			isa = XCBuildConfiguration;
			buildSettings = {
				GCC_PRECOMPILE_PREFIX_HEADER = YES;
				GCC_PREFIX_HEADER = "Rutig Matematik/Rutig Matematik-Prefix.pch";
				INFOPLIST_FILE = "Rutig Matematik/Rutig Matematik-Info.plist";
				PRODUCT_NAME = "$(TARGET_NAME)";
				WRAPPER_EXTENSION = app;
			};
			name = Release;
		};
/* End XCBuildConfiguration section */

/* Begin XCConfigurationList section */
		D9485CF315ED56F000A24A59 /* Build configuration list for PBXProject "Rutig Matematik" */ = {
			isa = XCConfigurationList;
			buildConfigurations = (
				D9485D0F15ED56F000A24A59 /* Debug */,
				D9485D1015ED56F000A24A59 /* Release */,
			);
			defaultConfigurationIsVisible = 0;
			defaultConfigurationName = Release;
		};
		D9485D1115ED56F000A24A59 /* Build configuration list for PBXNativeTarget "Rutig Matematik" */ = {
			isa = XCConfigurationList;
			buildConfigurations = (
				D9485D1215ED56F000A24A59 /* Debug */,
				D9485D1315ED56F000A24A59 /* Release */,
			);
			defaultConfigurationIsVisible = 0;
		};
/* End XCConfigurationList section */
	};
	rootObject = D9485CF015ED56F000A24A59 /* Project object */;
}
